
Microsoft Visual Studio Solution File, Format Version 12.00
# Visual Studio Version 17
VisualStudioVersion = 17.8.34330.188
MinimumVisualStudioVersion = 10.0.40219.1
Project("{FAE04EC0-301F-11D3-BF4B-00C04F79EFBC}") = "CaglaFitHealth", "CaglaFitHealth\CaglaFitHealth.csproj", "{FE39B3F9-34CA-4EF2-92A8-006B6AFEAE2B}"
EndProject
Global
	GlobalSection(SolutionConfigurationPlatforms) = preSolution
		Debug|Any CPU = Debug|Any CPU
		Release|Any CPU = Release|Any CPU
	EndGlobalSection
	GlobalSection(ProjectConfigurationPlatforms) = postSolution
		{FE39B3F9-34CA-4EF2-92A8-006B6AFEAE2B}.Debug|Any CPU.ActiveCfg = Debug|Any CPU
		{FE39B3F9-34CA-4EF2-92A8-006B6AFEAE2B}.Debug|Any CPU.Build.0 = Debug|Any CPU
		{FE39B3F9-34CA-4EF2-92A8-006B6AFEAE2B}.Release|Any CPU.ActiveCfg = Release|Any CPU
		{FE39B3F9-34CA-4EF2-92A8-006B6AFEAE2B}.Release|Any CPU.Build.0 = Release|Any CPU
	EndGlobalSection
	GlobalSection(SolutionProperties) = preSolution
		HideSolutionNode = FALSE
	EndGlobalSection
	GlobalSection(ExtensibilityGlobals) = postSolution
		SolutionGuid = {48516ADD-89BA-44D4-87CD-7C16ECB8A241}
	EndGlobalSection
EndGlobal
